{
  "name": "wpu",
  "version": "1.0.0",
  "lockfileVersion": 3,
  "requires": true,
  "packages": {
    "": {
      "name": "wpu",
      "version": "1.0.0",
      "license": "ISC",
      "dependencies": {
        "wat4wasm": "github:central-network/wat4wasm"
      }
    },
    "node_modules/wat4wasm": {
      "version": "1.0.0",
      "resolved": "git+ssh://git@github.com/central-network/wat4wasm.git#94689174da0c2c1b64b6dda435757b08be0661d0",
      "license": "ISC"
    }
  }
}
